{
  "version": 4,
  "terraform_version": "1.11.2",
  "serial": 7,
  "lineage": "bc7e92cc-bfc6-9683-f47e-5bfad83521e6",
  "outputs": {},
  "resources": [
    {
      "mode": "managed",
      "type": "helm_release",
      "name": "argocd",
      "provider": "provider[\"registry.terraform.io/hashicorp/helm\"]",
      "instances": [
        {
          "schema_version": 1,
          "attributes": {
            "atomic": false,
            "chart": "argo-cd",
            "cleanup_on_fail": false,
            "create_namespace": true,
            "dependency_update": false,
            "description": null,
            "devel": null,
            "disable_crd_hooks": false,
            "disable_openapi_validation": false,
            "disable_webhooks": false,
            "force_update": false,
            "id": "argocd",
            "keyring": null,
            "lint": false,
            "manifest": null,
            "max_history": 0,
            "metadata": [
              {
                "app_version": "v3.0.3",
                "chart": "argo-cd",
                "first_deployed": 1747961081,
                "last_deployed": 1747961081,
                "name": "argocd",
                "namespace": "argocd",
                "notes": "\nIn order to access the server UI you have the following options:\n\n1. kubectl port-forward service/argocd-server -n argocd 8080:443\n\n    and then open the browser on http://localhost:8080 and accept the certificate\n\n2. enable ingress in the values file `server.ingress.enabled` and either\n      - Add the annotation for ssl passthrough: https://argo-cd.readthedocs.io/en/stable/operator-manual/ingress/#option-1-ssl-passthrough\n      - Set the `configs.params.\"server.insecure\"` in the values file and terminate SSL at your ingress: https://argo-cd.readthedocs.io/en/stable/operator-manual/ingress/#option-2-multiple-ingress-objects-and-hosts\n\n\nAfter reaching the UI the first time you can login with username: admin and the random password generated during the installation. You can find the password by running:\n\nkubectl -n argocd get secret argocd-initial-admin-secret -o jsonpath=\"{.data.password}\" | base64 -d\n\n(You should delete the initial secret afterwards as suggested by the Getting Started Guide: https://argo-cd.readthedocs.io/en/stable/getting_started/#4-login-using-the-cli)\n",
                "revision": 1,
                "values": "{\"server\":{\"service\":{\"type\":\"ClusterIP\"}}}",
                "version": "8.0.9"
              }
            ],
            "name": "argocd",
            "namespace": "argocd",
            "pass_credentials": false,
            "postrender": [],
            "recreate_pods": false,
            "render_subchart_notes": true,
            "replace": false,
            "repository": "https://argoproj.github.io/argo-helm",
            "repository_ca_file": null,
            "repository_cert_file": null,
            "repository_key_file": null,
            "repository_password": null,
            "repository_username": null,
            "reset_values": false,
            "reuse_values": false,
            "set": [],
            "set_list": [],
            "set_sensitive": [],
            "skip_crds": false,
            "status": "deployed",
            "timeout": 300,
            "upgrade_install": null,
            "values": [
              "        server:\n            service:\n                type: ClusterIP\n"
            ],
            "verify": false,
            "version": "8.0.9",
            "wait": true,
            "wait_for_jobs": false
          },
          "sensitive_attributes": [
            [
              {
                "type": "get_attr",
                "value": "repository_password"
              }
            ]
          ],
          "private": "eyJzY2hlbWFfdmVyc2lvbiI6IjEifQ=="
        }
      ]
    },
    {
      "mode": "managed",
      "type": "minikube_cluster",
      "name": "minikube_docker",
      "provider": "provider[\"registry.terraform.io/scott-the-programmer/minikube\"]",
      "instances": [
        {
          "schema_version": 0,
          "attributes": {
            "addons": [
              "default-storageclass",
              "storage-provisioner"
            ],
            "apiserver_ips": [],
            "apiserver_name": "minikubeCA",
            "apiserver_names": [],
            "apiserver_port": 8443,
            "auto_pause_interval": 1,
            "auto_update_drivers": true,
            "base_image": "gcr.io/k8s-minikube/kicbase:v0.0.46@sha256:fd2d445ddcc33ebc5c6b68a17e6219ea207ce63c005095ea1525296da2d1a279",
            "binary_mirror": null,
            "cache_images": true,
            "cert_expiration": 1576800,
            "client_certificate": "-----BEGIN CERTIFICATE-----\nMIIDITCCAgmgAwIBAgIBAjANBgkqhkiG9w0BAQsFADAVMRMwEQYDVQQDEwptaW5p\na3ViZUNBMB4XDTI1MDUyMTIzNTgxMloXDTI4MDUyMTIzNTgxMlowMTEXMBUGA1UE\nChMOc3lzdGVtOm1hc3RlcnMxFjAUBgNVBAMTDW1pbmlrdWJlLXVzZXIwggEiMA0G\nCSqGSIb3DQEBAQUAA4IBDwAwggEKAoIBAQDXSdeAoLb8c9jr1Mw5HG7Qo/xrchEi\nHEn02SlP/Jiw8bBOHCXQNilseLIIpZ9GbPijZZQVpqUisK0XJyg0Y30vISSUsqAG\n8LZj/Dud7U+5/LocwEvG3CinIBqs2KkJ3rdy/anXtenRbjxAXOqWFC/9KHO6b34s\nN+lqLyJcFVJCzUEYo23C+6cDjYLtdqq9jgXEVi/u8v41R+efMXDlwURVcV9YfCwf\n7GDY8ebEKyKBTBoq4G5OjV3fp5cftWXLahi1UuHezHOpe5t+uoOPLH3+Yc1wttIm\nQZeGBRImj5tLRASaxi4sPzJ8yYucjGGJb8OnAaYt6Cd8434qyVBMZB6DAgMBAAGj\nYDBeMA4GA1UdDwEB/wQEAwIFoDAdBgNVHSUEFjAUBggrBgEFBQcDAQYIKwYBBQUH\nAwIwDAYDVR0TAQH/BAIwADAfBgNVHSMEGDAWgBStw0xPPF2B3pHPrXmIzOu01uri\nRzANBgkqhkiG9w0BAQsFAAOCAQEAhPcAjyBU/q7AgsLXTiX06dg2XBSSv9CcrbBx\nwGcL3b/GoDsQKnO2+Dq5IRzEXoDGmQ6zF9e0R5mWN/ZLZ1JG2hcNE2djQEpeFbAi\n+EfaPf45S208F9hLSR6QRZlZ5Nt3f58zFBtvXWtw6Wp20zMsGoi8WTRyUKFiu1qq\nUpt52NTVAXfcrwlPPJHO8RcD/2UuUmPEAP+YdAdmGohJKHX5F7akK1CbcNziMXMM\nFREZoMRVvJ7IfpTa5MmyAkkAIDIiVZqw8+73VVcS2y/cEL7jYI0PxC/5gOsmsgDY\nOxKZQECJuseV4kogFLCoMJxO2AheJN4mZt0RqzojdgkQMVQZxQ==\n-----END CERTIFICATE-----\n",
            "client_key": "-----BEGIN RSA PRIVATE KEY-----\nMIIEowIBAAKCAQEA10nXgKC2/HPY69TMORxu0KP8a3IRIhxJ9NkpT/yYsPGwThwl\n0DYpbHiyCKWfRmz4o2WUFaalIrCtFycoNGN9LyEklLKgBvC2Y/w7ne1Pufy6HMBL\nxtwopyAarNipCd63cv2p17Xp0W48QFzqlhQv/Shzum9+LDfpai8iXBVSQs1BGKNt\nwvunA42C7XaqvY4FxFYv7vL+NUfnnzFw5cFEVXFfWHwsH+xg2PHmxCsigUwaKuBu\nTo1d36eXH7Vly2oYtVLh3sxzqXubfrqDjyx9/mHNcLbSJkGXhgUSJo+bS0QEmsYu\nLD8yfMmLnIxhiW/DpwGmLegnfON+KslQTGQegwIDAQABAoIBAAx/2Ag6zIT5wOVo\nVHcYZIKukrA2TjJZzB1wIkrnkoHrdl4CmlttWZhXpZaE7ytqlkD+W8uqAjpyYYpP\nlrD7+b+rv/D2Mf5VKXHCqj9wEMnul2ul6oBgNegGICZa6e2Nxb7iZWMFx86GBO+D\ntYcDIwoiuB1h7cRpdp7Yn7kS79S69L5O+zHvi1hVQ8u74xqbOcw0PEDV8Lnjk8pG\nFf2xdLt+uvpoQk00nQBiy1Qtc2Evc5W7+fFEO3rk4H30lf5HtGLP3GK4VEkGclBG\nd41zA1sNl0AW32XaPVKC8jeTibs5U+pwf7eCWgYETobrR2XmBpD6qDJ1QKmrnkvd\n6JnGKekCgYEA4msvLF/yWPMHfeDxVBHKUwm1nZ4eGxKqLzpBHK0LsGtFbExESUOF\npuup7lqfNB170dkLA2+NFabhnO4YmABRac/6akq91PDHp519y1havdqIMr4onWFH\nFcpn4IsRlpctiLa8sQzAaI7bzNHe8j7qmu7EOF9qNc7IDIucG9Iexn0CgYEA82pl\nBCrxRGJt7MLNrOP8/lKcPCAboL3PdjNt2v99xi0Vg2vOnNvNLfwYsRj1ytLE/rP1\nD45SHIxyDaYi1DGmu8djsIZ8WmiXM4uaydjbydLqeJusC64PfIB0+omLhVvQCFHP\nWTHs49/piY7g8yXS+HrMYwi54d/gGu7BQa+SiP8CgYEAqG3zeZ8mOOUQ/aMH4vIZ\nAAyI/edRnfIUh21eYmaX+3TQ/+78HUQNeE526sifBbWpFkHO349r9F9gFc1Inkoe\nRghg0BEphe5Xl2ig21OurOyTxKuQqwJiTuNywqaxPsTXKoxFca96sk0TVRoKL0p+\nWyKi9QyFheF9D1gLmOaF3kECgYB9AgH43vjjDs23TuADz15pWhGkizTFG1XFNWpQ\nku+L7DFlOeN1CSjZWeNwaAoq7I2A5PiQ0Z13zeTw/4ZZhVpEi4S17otEfvxP231V\n9goCH1CNOh1kLjMD1JC+7g56IYm4DBO5kfs/mAm+vGLoXF95fs8ieSPFTY0xJ7aW\nPk26DwKBgDyUTKbH6vZTXUKVmkRnKi6wkyFv6tZOJUBKr+YjwntHhlk+FuVg6sSi\n0MTMACVoUUgjD5FL0vBGJf5phne9uBljGGswurJmUxPtcszB+10FN5j3+Bp0bzfB\nstshA3fz0zEGKYCWac3dxeqNSuBDNVvmf2XZ9PP/reI0+T0j6BhS\n-----END RSA PRIVATE KEY-----\n",
            "cluster_ca_certificate": "-----BEGIN CERTIFICATE-----\nMIIDBjCCAe6gAwIBAgIBATANBgkqhkiG9w0BAQsFADAVMRMwEQYDVQQDEwptaW5p\na3ViZUNBMB4XDTI1MDUxODA0NDE1N1oXDTM1MDUxNzA0NDE1N1owFTETMBEGA1UE\nAxMKbWluaWt1YmVDQTCCASIwDQYJKoZIhvcNAQEBBQADggEPADCCAQoCggEBAK2R\nE7Xjt5RXfm2LvJ3+haLwitfTgKWixWJQG415SLiaUeT6aodtXVkCH83nKBO1i8o9\nEW3ne1iNxljPCz4WrC3x06Ej+rhx2vQZopyJ9pvzmIYD4zDD3orLX+5zveh6nK/3\nCZyJh3eADELrfsiUYhtP8aCJ9qmOy5y3vils+duu+EOlHrwpb8z/Njc0IaV1F3Zd\nUoVen035bEUFYABBbDhoTW2BYAFldWsalIp0+vMP12Dikuign2wsqxgfVhp4QNtR\nBCmBzyUJEqIh/TUCPRevRF1rAuiSw41zB6SfCeok4A3szjQCv1tu/o3pxnCOy7ir\n5ZrbSL95rQoiQZpRDQMCAwEAAaNhMF8wDgYDVR0PAQH/BAQDAgKkMB0GA1UdJQQW\nMBQGCCsGAQUFBwMCBggrBgEFBQcDATAPBgNVHRMBAf8EBTADAQH/MB0GA1UdDgQW\nBBStw0xPPF2B3pHPrXmIzOu01uriRzANBgkqhkiG9w0BAQsFAAOCAQEAqprzLB4h\nOXoN502PbIcp6XamTA5rXZQBpgLP6C6+sz8HG1SrDgqoARQqR7QQjeJ0yE/zH8pC\nnzIuQuAZuYkHJ4jt7Uw7rg/ewg8gSXUt4TRAWPmmRPiR0LBO2zEar1PfbqctcQ8E\nBeanrF1qYPf5P3V2gAn5bxo0niWo+EEOfaK1Rciw4d5XiVUfI1uu8u1453EXXCT7\nYTYAn60IvuVnRhE+Z9WHOwW+JUQOR3kMhbzEX/ZXhaCqYsiD6pwMalLP8bCzPzwV\nfwqAvcf1gc3/pM3QHVEhP5+c+Ru6kI1sKz+wCw60piO6nsFsLK7wksGCNz+jWUkB\nNOe+ALRl/FS1bA==\n-----END CERTIFICATE-----\n",
            "cluster_name": "password-generator",
            "cni": "",
            "container_runtime": "docker",
            "cpus": "2",
            "cri_socket": "",
            "delete_on_failure": false,
            "disable_driver_mounts": false,
            "disable_metrics": false,
            "disable_optimizations": false,
            "disk_size": "20000mb",
            "dns_domain": "cluster.local",
            "dns_proxy": false,
            "docker_env": null,
            "docker_opt": null,
            "download_only": false,
            "driver": "docker",
            "dry_run": false,
            "embed_certs": false,
            "enable_default_cni": false,
            "extra_config": [],
            "extra_disks": 0,
            "feature_gates": "",
            "force": false,
            "force_systemd": false,
            "gpus": null,
            "ha": false,
            "host": "https://127.0.0.1:64826",
            "host_dns_resolver": true,
            "host_only_cidr": "192.168.59.1/24",
            "host_only_nic_type": "virtio",
            "hyperkit_vpnkit_sock": "",
            "hyperkit_vsock_ports": [],
            "hyperv_external_adapter": "",
            "hyperv_use_external_switch": false,
            "hyperv_virtual_switch": "",
            "id": "password-generator",
            "image_mirror_country": null,
            "image_repository": "",
            "insecure_registry": [],
            "install_addons": true,
            "interactive": true,
            "iso_url": [
              "https://github.com/kubernetes/minikube/releases/download/v1.34.0/minikube-v1.34.0-amd64.iso"
            ],
            "keep_context": false,
            "kubernetes_version": null,
            "kvm_gpu": false,
            "kvm_hidden": false,
            "kvm_network": "default",
            "kvm_numa_count": 1,
            "kvm_qemu_uri": "qemu:///system",
            "listen_address": "",
            "memory": "4096mb",
            "mount": false,
            "mount_9p_version": "9p2000.L",
            "mount_gid": "docker",
            "mount_ip": null,
            "mount_msize": 262144,
            "mount_options": null,
            "mount_port": 0,
            "mount_string": "/Users:/minikube-host",
            "mount_type": "9p",
            "mount_uid": "docker",
            "namespace": "default",
            "nat_nic_type": "virtio",
            "native_ssh": true,
            "network": "",
            "network_plugin": null,
            "nfs_share": [],
            "nfs_shares_root": "/nfsshares",
            "no_kubernetes": false,
            "no_vtx_check": false,
            "nodes": 1,
            "output": "text",
            "ports": [],
            "preload": true,
            "qemu_firmware_path": null,
            "registry_mirror": [],
            "service_cluster_ip_range": "10.96.0.0/12",
            "socket_vmnet_client_path": "/usr/local/opt/socket_vmnet/bin/socket_vmnet_client",
            "socket_vmnet_path": "/usr/local/var/run/socket_vmnet",
            "ssh_ip_address": "",
            "ssh_key": "",
            "ssh_port": 22,
            "ssh_user": "root",
            "static_ip": null,
            "subnet": null,
            "trace": null,
            "uuid": "",
            "vm": false,
            "vm_driver": null,
            "wait": null,
            "wait_timeout": 6
          },
          "sensitive_attributes": [
            [
              {
                "type": "get_attr",
                "value": "cluster_ca_certificate"
              }
            ],
            [
              {
                "type": "get_attr",
                "value": "client_key"
              }
            ],
            [
              {
                "type": "get_attr",
                "value": "client_certificate"
              }
            ]
          ],
          "private": "bnVsbA=="
        }
      ]
    }
  ],
  "check_results": null
}
